{
  "requires": true,
  "lockfileVersion": 1,
  "dependencies": {
    "@ecl/ec-preset-website": {
      "version": "2.17.3",
      "resolved": "https://registry.npmjs.org/@ecl/ec-preset-website/-/ec-preset-website-2.17.3.tgz",
      "integrity": "sha512-biqb/gsKcMy3eKe3XX65diE+3nkD8cTUZN/NIhYQLuZFyxXcYCLVHQa/KwoTZceJTWKmm0bNzB07/aC4jrmLcA=="
    }
  }
}
